// !$*UTF8*$!
{
	archiveVersion = 1;
	classes = {
	};
	objectVersion = 46;
	objects = {

/* Begin PBXBuildFile section */
		2771580C1DC4A8DC009EB1AB /* main.m in Sources */ = {isa = PBXBuildFile; fileRef = 2771580B1DC4A8DC009EB1AB /* main.m */; };
		2771580F1DC4A8DC009EB1AB /* AppDelegate.m in Sources */ = {isa = PBXBuildFile; fileRef = 2771580E1DC4A8DC009EB1AB /* AppDelegate.m */; };
		277158121DC4A8DC009EB1AB /* ViewController.m in Sources */ = {isa = PBXBuildFile; fileRef = 277158111DC4A8DC009EB1AB /* ViewController.m */; };
		277158151DC4A8DC009EB1AB /* Main.storyboard in Resources */ = {isa = PBXBuildFile; fileRef = 277158131DC4A8DC009EB1AB /* Main.storyboard */; };
		277158171DC4A8DC009EB1AB /* Assets.xcassets in Resources */ = {isa = PBXBuildFile; fileRef = 277158161DC4A8DC009EB1AB /* Assets.xcassets */; };
		2771581A1DC4A8DC009EB1AB /* LaunchScreen.storyboard in Resources */ = {isa = PBXBuildFile; fileRef = 277158181DC4A8DC009EB1AB /* LaunchScreen.storyboard */; };
		277158251DC4A8DC009EB1AB /* JsWebViewTests.m in Sources */ = {isa = PBXBuildFile; fileRef = 277158241DC4A8DC009EB1AB /* JsWebViewTests.m */; };
		277158301DC4A8DC009EB1AB /* JsWebViewUITests.m in Sources */ = {isa = PBXBuildFile; fileRef = 2771582F1DC4A8DC009EB1AB /* JsWebViewUITests.m */; };
		277158441DC4A986009EB1AB /* JsBridge.m in Sources */ = {isa = PBXBuildFile; fileRef = 2771583F1DC4A986009EB1AB /* JsBridge.m */; };
		277158451DC4A986009EB1AB /* JsFromOCClass.m in Sources */ = {isa = PBXBuildFile; fileRef = 277158411DC4A986009EB1AB /* JsFromOCClass.m */; };
		277158461DC4A986009EB1AB /* JSWebView.m in Sources */ = {isa = PBXBuildFile; fileRef = 277158431DC4A986009EB1AB /* JSWebView.m */; };
		2771584A1DC4B191009EB1AB /* global.m in Sources */ = {isa = PBXBuildFile; fileRef = 277158491DC4B191009EB1AB /* global.m */; };
/* End PBXBuildFile section */

/* Begin PBXContainerItemProxy section */
		277158211DC4A8DC009EB1AB /* PBXContainerItemProxy */ = {
			isa = PBXContainerItemProxy;
			containerPortal = 277157FF1DC4A8DC009EB1AB /* Project object */;
			proxyType = 1;
			remoteGlobalIDString = 277158061DC4A8DC009EB1AB;
			remoteInfo = JsWebView;
		};
		2771582C1DC4A8DC009EB1AB /* PBXContainerItemProxy */ = {
			isa = PBXContainerItemProxy;
			containerPortal = 277157FF1DC4A8DC009EB1AB /* Project object */;
			proxyType = 1;
			remoteGlobalIDString = 277158061DC4A8DC009EB1AB;
			remoteInfo = JsWebView;
		};
/* End PBXContainerItemProxy section */

/* Begin PBXFileReference section */
		277158071DC4A8DC009EB1AB /* JsWebView.app */ = {isa = PBXFileReference; explicitFileType = wrapper.application; includeInIndex = 0; path = JsWebView.app; sourceTree = BUILT_PRODUCTS_DIR; };
		2771580B1DC4A8DC009EB1AB /* main.m */ = {isa = PBXFileReference; lastKnownFileType = sourcecode.c.objc; path = main.m; sourceTree = "<group>"; };
		2771580D1DC4A8DC009EB1AB /* AppDelegate.h */ = {isa = PBXFileReference; lastKnownFileType = sourcecode.c.h; path = AppDelegate.h; sourceTree = "<group>"; };
		2771580E1DC4A8DC009EB1AB /* AppDelegate.m */ = {isa = PBXFileReference; lastKnownFileType = sourcecode.c.objc; path = AppDelegate.m; sourceTree = "<group>"; };
		277158101DC4A8DC009EB1AB /* ViewController.h */ = {isa = PBXFileReference; lastKnownFileType = sourcecode.c.h; path = ViewController.h; sourceTree = "<group>"; };
		277158111DC4A8DC009EB1AB /* ViewController.m */ = {isa = PBXFileReference; lastKnownFileType = sourcecode.c.objc; path = ViewController.m; sourceTree = "<group>"; };
		277158141DC4A8DC009EB1AB /* Base */ = {isa = PBXFileReference; lastKnownFileType = file.storyboard; name = Base; path = Base.lproj/Main.storyboard; sourceTree = "<group>"; };
		277158161DC4A8DC009EB1AB /* Assets.xcassets */ = {isa = PBXFileReference; lastKnownFileType = folder.assetcatalog; path = Assets.xcassets; sourceTree = "<group>"; };
		277158191DC4A8DC009EB1AB /* Base */ = {isa = PBXFileReference; lastKnownFileType = file.storyboard; name = Base; path = Base.lproj/LaunchScreen.storyboard; sourceTree = "<group>"; };
		2771581B1DC4A8DC009EB1AB /* Info.plist */ = {isa = PBXFileReference; lastKnownFileType = text.plist.xml; path = Info.plist; sourceTree = "<group>"; };
		277158201DC4A8DC009EB1AB /* JsWebViewTests.xctest */ = {isa = PBXFileReference; explicitFileType = wrapper.cfbundle; includeInIndex = 0; path = JsWebViewTests.xctest; sourceTree = BUILT_PRODUCTS_DIR; };
		277158241DC4A8DC009EB1AB /* JsWebViewTests.m */ = {isa = PBXFileReference; lastKnownFileType = sourcecode.c.objc; path = JsWebViewTests.m; sourceTree = "<group>"; };
		277158261DC4A8DC009EB1AB /* Info.plist */ = {isa = PBXFileReference; lastKnownFileType = text.plist.xml; path = Info.plist; sourceTree = "<group>"; };
		2771582B1DC4A8DC009EB1AB /* JsWebViewUITests.xctest */ = {isa = PBXFileReference; explicitFileType = wrapper.cfbundle; includeInIndex = 0; path = JsWebViewUITests.xctest; sourceTree = BUILT_PRODUCTS_DIR; };
		2771582F1DC4A8DC009EB1AB /* JsWebViewUITests.m */ = {isa = PBXFileReference; lastKnownFileType = sourcecode.c.objc; path = JsWebViewUITests.m; sourceTree = "<group>"; };
		277158311DC4A8DC009EB1AB /* Info.plist */ = {isa = PBXFileReference; lastKnownFileType = text.plist.xml; path = Info.plist; sourceTree = "<group>"; };
		2771583E1DC4A986009EB1AB /* JsBridge.h */ = {isa = PBXFileReference; fileEncoding = 4; lastKnownFileType = sourcecode.c.h; path = JsBridge.h; sourceTree = "<group>"; };
		2771583F1DC4A986009EB1AB /* JsBridge.m */ = {isa = PBXFileReference; fileEncoding = 4; lastKnownFileType = sourcecode.c.objc; path = JsBridge.m; sourceTree = "<group>"; };
		277158401DC4A986009EB1AB /* JsFromOCClass.h */ = {isa = PBXFileReference; fileEncoding = 4; lastKnownFileType = sourcecode.c.h; path = JsFromOCClass.h; sourceTree = "<group>"; };
		277158411DC4A986009EB1AB /* JsFromOCClass.m */ = {isa = PBXFileReference; fileEncoding = 4; lastKnownFileType = sourcecode.c.objc; path = JsFromOCClass.m; sourceTree = "<group>"; };
		277158421DC4A986009EB1AB /* JSWebView.h */ = {isa = PBXFileReference; fileEncoding = 4; lastKnownFileType = sourcecode.c.h; path = JSWebView.h; sourceTree = "<group>"; };
		277158431DC4A986009EB1AB /* JSWebView.m */ = {isa = PBXFileReference; fileEncoding = 4; lastKnownFileType = sourcecode.c.objc; path = JSWebView.m; sourceTree = "<group>"; };
		277158481DC4B191009EB1AB /* global.h */ = {isa = PBXFileReference; fileEncoding = 4; lastKnownFileType = sourcecode.c.h; path = global.h; sourceTree = "<group>"; };
		277158491DC4B191009EB1AB /* global.m */ = {isa = PBXFileReference; fileEncoding = 4; lastKnownFileType = sourcecode.c.objc; path = global.m; sourceTree = "<group>"; };
/* End PBXFileReference section */

/* Begin PBXFrameworksBuildPhase section */
		277158041DC4A8DC009EB1AB /* Frameworks */ = {
			isa = PBXFrameworksBuildPhase;
			buildActionMask = 2147483647;
			files = (
			);
			runOnlyForDeploymentPostprocessing = 0;
		};
		2771581D1DC4A8DC009EB1AB /* Frameworks */ = {
			isa = PBXFrameworksBuildPhase;
			buildActionMask = 2147483647;
			files = (
			);
			runOnlyForDeploymentPostprocessing = 0;
		};
		277158281DC4A8DC009EB1AB /* Frameworks */ = {
			isa = PBXFrameworksBuildPhase;
			buildActionMask = 2147483647;
			files = (
			);
			runOnlyForDeploymentPostprocessing = 0;
		};
/* End PBXFrameworksBuildPhase section */

/* Begin PBXGroup section */
		277157FE1DC4A8DC009EB1AB = {
			isa = PBXGroup;
			children = (
				277158091DC4A8DC009EB1AB /* JsWebView */,
				277158231DC4A8DC009EB1AB /* JsWebViewTests */,
				2771582E1DC4A8DC009EB1AB /* JsWebViewUITests */,
				277158081DC4A8DC009EB1AB /* Products */,
			);
			sourceTree = "<group>";
		};
		277158081DC4A8DC009EB1AB /* Products */ = {
			isa = PBXGroup;
			children = (
				277158071DC4A8DC009EB1AB /* JsWebView.app */,
				277158201DC4A8DC009EB1AB /* JsWebViewTests.xctest */,
				2771582B1DC4A8DC009EB1AB /* JsWebViewUITests.xctest */,
			);
			name = Products;
			sourceTree = "<group>";
		};
		277158091DC4A8DC009EB1AB /* JsWebView */ = {
			isa = PBXGroup;
			children = (
				277158471DC4B125009EB1AB /* Interface */,
				2771583D1DC4A986009EB1AB /* JsWebView */,
				2771580D1DC4A8DC009EB1AB /* AppDelegate.h */,
				2771580E1DC4A8DC009EB1AB /* AppDelegate.m */,
				277158101DC4A8DC009EB1AB /* ViewController.h */,
				277158111DC4A8DC009EB1AB /* ViewController.m */,
				277158131DC4A8DC009EB1AB /* Main.storyboard */,
				277158161DC4A8DC009EB1AB /* Assets.xcassets */,
				277158181DC4A8DC009EB1AB /* LaunchScreen.storyboard */,
				2771581B1DC4A8DC009EB1AB /* Info.plist */,
				2771580A1DC4A8DC009EB1AB /* Supporting Files */,
			);
			path = JsWebView;
			sourceTree = "<group>";
		};
		2771580A1DC4A8DC009EB1AB /* Supporting Files */ = {
			isa = PBXGroup;
			children = (
				2771580B1DC4A8DC009EB1AB /* main.m */,
			);
			name = "Supporting Files";
			sourceTree = "<group>";
		};
		277158231DC4A8DC009EB1AB /* JsWebViewTests */ = {
			isa = PBXGroup;
			children = (
				277158241DC4A8DC009EB1AB /* JsWebViewTests.m */,
				277158261DC4A8DC009EB1AB /* Info.plist */,
			);
			path = JsWebViewTests;
			sourceTree = "<group>";
		};
		2771582E1DC4A8DC009EB1AB /* JsWebViewUITests */ = {
			isa = PBXGroup;
			children = (
				2771582F1DC4A8DC009EB1AB /* JsWebViewUITests.m */,
				277158311DC4A8DC009EB1AB /* Info.plist */,
			);
			path = JsWebViewUITests;
			sourceTree = "<group>";
		};
		2771583D1DC4A986009EB1AB /* JsWebView */ = {
			isa = PBXGroup;
			children = (
				2771583E1DC4A986009EB1AB /* JsBridge.h */,
				2771583F1DC4A986009EB1AB /* JsBridge.m */,
				277158401DC4A986009EB1AB /* JsFromOCClass.h */,
				277158411DC4A986009EB1AB /* JsFromOCClass.m */,
				277158421DC4A986009EB1AB /* JSWebView.h */,
				277158431DC4A986009EB1AB /* JSWebView.m */,
			);
			path = JsWebView;
			sourceTree = "<group>";
		};
		277158471DC4B125009EB1AB /* Interface */ = {
			isa = PBXGroup;
			children = (
				277158481DC4B191009EB1AB /* global.h */,
				277158491DC4B191009EB1AB /* global.m */,
			);
			name = Interface;
			sourceTree = "<group>";
		};
/* End PBXGroup section */

/* Begin PBXNativeTarget section */
		277158061DC4A8DC009EB1AB /* JsWebView */ = {
			isa = PBXNativeTarget;
			buildConfigurationList = 277158341DC4A8DC009EB1AB /* Build configuration list for PBXNativeTarget "JsWebView" */;
			buildPhases = (
				277158031DC4A8DC009EB1AB /* Sources */,
				277158041DC4A8DC009EB1AB /* Frameworks */,
				277158051DC4A8DC009EB1AB /* Resources */,
			);
			buildRules = (
			);
			dependencies = (
			);
			name = JsWebView;
			productName = JsWebView;
			productReference = 277158071DC4A8DC009EB1AB /* JsWebView.app */;
			productType = "com.apple.product-type.application";
		};
		2771581F1DC4A8DC009EB1AB /* JsWebViewTests */ = {
			isa = PBXNativeTarget;
			buildConfigurationList = 277158371DC4A8DC009EB1AB /* Build configuration list for PBXNativeTarget "JsWebViewTests" */;
			buildPhases = (
				2771581C1DC4A8DC009EB1AB /* Sources */,
				2771581D1DC4A8DC009EB1AB /* Frameworks */,
				2771581E1DC4A8DC009EB1AB /* Resources */,
			);
			buildRules = (
			);
			dependencies = (
				277158221DC4A8DC009EB1AB /* PBXTargetDependency */,
			);
			name = JsWebViewTests;
			productName = JsWebViewTests;
			productReference = 277158201DC4A8DC009EB1AB /* JsWebViewTests.xctest */;
			productType = "com.apple.product-type.bundle.unit-test";
		};
		2771582A1DC4A8DC009EB1AB /* JsWebViewUITests */ = {
			isa = PBXNativeTarget;
			buildConfigurationList = 2771583A1DC4A8DC009EB1AB /* Build configuration list for PBXNativeTarget "JsWebViewUITests" */;
			buildPhases = (
				277158271DC4A8DC009EB1AB /* Sources */,
				277158281DC4A8DC009EB1AB /* Frameworks */,
				277158291DC4A8DC009EB1AB /* Resources */,
			);
			buildRules = (
			);
			dependencies = (
				2771582D1DC4A8DC009EB1AB /* PBXTargetDependency */,
			);
			name = JsWebViewUITests;
			productName = JsWebViewUITests;
			productReference = 2771582B1DC4A8DC009EB1AB /* JsWebViewUITests.xctest */;
			productType = "com.apple.product-type.bundle.ui-testing";
		};
/* End PBXNativeTarget section */

/* Begin PBXProject section */
		277157FF1DC4A8DC009EB1AB /* Project object */ = {
			isa = PBXProject;
			attributes = {
				LastUpgradeCheck = 0800;
				ORGANIZATIONNAME = hdq;
				TargetAttributes = {
					277158061DC4A8DC009EB1AB = {
						CreatedOnToolsVersion = 8.0;
						DevelopmentTeam = VX2E46X5K9;
						ProvisioningStyle = Automatic;
					};
					2771581F1DC4A8DC009EB1AB = {
						CreatedOnToolsVersion = 8.0;
						DevelopmentTeam = VX2E46X5K9;
						ProvisioningStyle = Automatic;
						TestTargetID = 277158061DC4A8DC009EB1AB;
					};
					2771582A1DC4A8DC009EB1AB = {
						CreatedOnToolsVersion = 8.0;
						DevelopmentTeam = VX2E46X5K9;
						ProvisioningStyle = Automatic;
						TestTargetID = 277158061DC4A8DC009EB1AB;
					};
				};
			};
			buildConfigurationList = 277158021DC4A8DC009EB1AB /* Build configuration list for PBXProject "JsWebView" */;
			compatibilityVersion = "Xcode 3.2";
			developmentRegion = English;
			hasScannedForEncodings = 0;
			knownRegions = (
				en,
				Base,
			);
			mainGroup = 277157FE1DC4A8DC009EB1AB;
			productRefGroup = 277158081DC4A8DC009EB1AB /* Products */;
			projectDirPath = "";
			projectRoot = "";
			targets = (
				277158061DC4A8DC009EB1AB /* JsWebView */,
				2771581F1DC4A8DC009EB1AB /* JsWebViewTests */,
				2771582A1DC4A8DC009EB1AB /* JsWebViewUITests */,
			);
		};
/* End PBXProject section */

/* Begin PBXResourcesBuildPhase section */
		277158051DC4A8DC009EB1AB /* Resources */ = {
			isa = PBXResourcesBuildPhase;
			buildActionMask = 2147483647;
			files = (
				2771581A1DC4A8DC009EB1AB /* LaunchScreen.storyboard in Resources */,
				277158171DC4A8DC009EB1AB /* Assets.xcassets in Resources */,
				277158151DC4A8DC009EB1AB /* Main.storyboard in Resources */,
			);
			runOnlyForDeploymentPostprocessing = 0;
		};
		2771581E1DC4A8DC009EB1AB /* Resources */ = {
			isa = PBXResourcesBuildPhase;
			buildActionMask = 2147483647;
			files = (
			);
			runOnlyForDeploymentPostprocessing = 0;
		};
		277158291DC4A8DC009EB1AB /* Resources */ = {
			isa = PBXResourcesBuildPhase;
			buildActionMask = 2147483647;
			files = (
			);
			runOnlyForDeploymentPostprocessing = 0;
		};
/* End PBXResourcesBuildPhase section */

/* Begin PBXSourcesBuildPhase section */
		277158031DC4A8DC009EB1AB /* Sources */ = {
			isa = PBXSourcesBuildPhase;
			buildActionMask = 2147483647;
			files = (
				277158451DC4A986009EB1AB /* JsFromOCClass.m in Sources */,
				277158121DC4A8DC009EB1AB /* ViewController.m in Sources */,
				277158461DC4A986009EB1AB /* JSWebView.m in Sources */,
				2771580F1DC4A8DC009EB1AB /* AppDelegate.m in Sources */,
				2771580C1DC4A8DC009EB1AB /* main.m in Sources */,
				277158441DC4A986009EB1AB /* JsBridge.m in Sources */,
				2771584A1DC4B191009EB1AB /* global.m in Sources */,
			);
			runOnlyForDeploymentPostprocessing = 0;
		};
		2771581C1DC4A8DC009EB1AB /* Sources */ = {
			isa = PBXSourcesBuildPhase;
			buildActionMask = 2147483647;
			files = (
				277158251DC4A8DC009EB1AB /* JsWebViewTests.m in Sources */,
			);
			runOnlyForDeploymentPostprocessing = 0;
		};
		277158271DC4A8DC009EB1AB /* Sources */ = {
			isa = PBXSourcesBuildPhase;
			buildActionMask = 2147483647;
			files = (
				277158301DC4A8DC009EB1AB /* JsWebViewUITests.m in Sources */,
			);
			runOnlyForDeploymentPostprocessing = 0;
		};
/* End PBXSourcesBuildPhase section */

/* Begin PBXTargetDependency section */
		277158221DC4A8DC009EB1AB /* PBXTargetDependency */ = {
			isa = PBXTargetDependency;
			target = 277158061DC4A8DC009EB1AB /* JsWebView */;
			targetProxy = 277158211DC4A8DC009EB1AB /* PBXContainerItemProxy */;
		};
		2771582D1DC4A8DC009EB1AB /* PBXTargetDependency */ = {
			isa = PBXTargetDependency;
			target = 277158061DC4A8DC009EB1AB /* JsWebView */;
			targetProxy = 2771582C1DC4A8DC009EB1AB /* PBXContainerItemProxy */;
		};
/* End PBXTargetDependency section */

/* Begin PBXVariantGroup section */
		277158131DC4A8DC009EB1AB /* Main.storyboard */ = {
			isa = PBXVariantGroup;
			children = (
				277158141DC4A8DC009EB1AB /* Base */,
			);
			name = Main.storyboard;
			sourceTree = "<group>";
		};
		277158181DC4A8DC009EB1AB /* LaunchScreen.storyboard */ = {
			isa = PBXVariantGroup;
			children = (
				277158191DC4A8DC009EB1AB /* Base */,
			);
			name = LaunchScreen.storyboard;
			sourceTree = "<group>";
		};
/* End PBXVariantGroup section */

/* Begin XCBuildConfiguration section */
		277158321DC4A8DC009EB1AB /* Debug */ = {
			isa = XCBuildConfiguration;
			buildSettings = {
				ALWAYS_SEARCH_USER_PATHS = NO;
				CLANG_ANALYZER_NONNULL = YES;
				CLANG_CXX_LANGUAGE_STANDARD = "gnu++0x";
				CLANG_CXX_LIBRARY = "libc++";
				CLANG_ENABLE_MODULES = YES;
				CLANG_ENABLE_OBJC_ARC = YES;
				CLANG_WARN_BOOL_CONVERSION = YES;
				CLANG_WARN_CONSTANT_CONVERSION = YES;
				CLANG_WARN_DIRECT_OBJC_ISA_USAGE = YES_ERROR;
				CLANG_WARN_DOCUMENTATION_COMMENTS = YES;
				CLANG_WARN_EMPTY_BODY = YES;
				CLANG_WARN_ENUM_CONVERSION = YES;
				CLANG_WARN_INFINITE_RECURSION = YES;
				CLANG_WARN_INT_CONVERSION = YES;
				CLANG_WARN_OBJC_ROOT_CLASS = YES_ERROR;
				CLANG_WARN_SUSPICIOUS_MOVES = YES;
				CLANG_WARN_UNREACHABLE_CODE = YES;
				CLANG_WARN__DUPLICATE_METHOD_MATCH = YES;
				"CODE_SIGN_IDENTITY[sdk=iphoneos*]" = "iPhone Developer";
				COPY_PHASE_STRIP = NO;
				DEBUG_INFORMATION_FORMAT = dwarf;
				ENABLE_STRICT_OBJC_MSGSEND = YES;
				ENABLE_TESTABILITY = YES;
				GCC_C_LANGUAGE_STANDARD = gnu99;
				GCC_DYNAMIC_NO_PIC = NO;
				GCC_NO_COMMON_BLOCKS = YES;
				GCC_OPTIMIZATION_LEVEL = 0;
				GCC_PREPROCESSOR_DEFINITIONS = (
					"DEBUG=1",
					"$(inherited)",
				);
				GCC_WARN_64_TO_32_BIT_CONVERSION = YES;
				GCC_WARN_ABOUT_RETURN_TYPE = YES_ERROR;
				GCC_WARN_UNDECLARED_SELECTOR = YES;
				GCC_WARN_UNINITIALIZED_AUTOS = YES_AGGRESSIVE;
				GCC_WARN_UNUSED_FUNCTION = YES;
				GCC_WARN_UNUSED_VARIABLE = YES;
				IPHONEOS_DEPLOYMENT_TARGET = 10.0;
				MTL_ENABLE_DEBUG_INFO = YES;
				ONLY_ACTIVE_ARCH = YES;
				SDKROOT = iphoneos;
				TARGETED_DEVICE_FAMILY = "1,2";
			};
			name = Debug;
		};
		277158331DC4A8DC009EB1AB /* Release */ = {
			isa = XCBuildConfiguration;
			buildSettings = {
				ALWAYS_SEARCH_USER_PATHS = NO;
				CLANG_ANALYZER_NONNULL = YES;
				CLANG_CXX_LANGUAGE_STANDARD = "gnu++0x";
				CLANG_CXX_LIBRARY = "libc++";
				CLANG_ENABLE_MODULES = YES;
				CLANG_ENABLE_OBJC_ARC = YES;
				CLANG_WARN_BOOL_CONVERSION = YES;
				CLANG_WARN_CONSTANT_CONVERSION = YES;
				CLANG_WARN_DIRECT_OBJC_ISA_USAGE = YES_ERROR;
				CLANG_WARN_DOCUMENTATION_COMMENTS = YES;
				CLANG_WARN_EMPTY_BODY = YES;
				CLANG_WARN_ENUM_CONVERSION = YES;
				CLANG_WARN_INFINITE_RECURSION = YES;
				CLANG_WARN_INT_CONVERSION = YES;
				CLANG_WARN_OBJC_ROOT_CLASS = YES_ERROR;
				CLANG_WARN_SUSPICIOUS_MOVES = YES;
				CLANG_WARN_UNREACHABLE_CODE = YES;
				CLANG_WARN__DUPLICATE_METHOD_MATCH = YES;
				"CODE_SIGN_IDENTITY[sdk=iphoneos*]" = "iPhone Developer";
				COPY_PHASE_STRIP = NO;
				DEBUG_INFORMATION_FORMAT = "dwarf-with-dsym";
				ENABLE_NS_ASSERTIONS = NO;
				ENABLE_STRICT_OBJC_MSGSEND = YES;
				GCC_C_LANGUAGE_STANDARD = gnu99;
				GCC_NO_COMMON_BLOCKS = YES;
				GCC_WARN_64_TO_32_BIT_CONVERSION = YES;
				GCC_WARN_ABOUT_RETURN_TYPE = YES_ERROR;
				GCC_WARN_UNDECLARED_SELECTOR = YES;
				GCC_WARN_UNINITIALIZED_AUTOS = YES_AGGRESSIVE;
				GCC_WARN_UNUSED_FUNCTION = YES;
				GCC_WARN_UNUSED_VARIABLE = YES;
				IPHONEOS_DEPLOYMENT_TARGET = 10.0;
				MTL_ENABLE_DEBUG_INFO = NO;
				SDKROOT = iphoneos;
				TARGETED_DEVICE_FAMILY = "1,2";
				VALIDATE_PRODUCT = YES;
			};
			name = Release;
		};
		277158351DC4A8DC009EB1AB /* Debug */ = {
			isa = XCBuildConfiguration;
			buildSettings = {
				ASSETCATALOG_COMPILER_APPICON_NAME = AppIcon;
				DEVELOPMENT_TEAM = VX2E46X5K9;
				INFOPLIST_FILE = JsWebView/Info.plist;
				LD_RUNPATH_SEARCH_PATHS = "$(inherited) @executable_path/Frameworks";
				PRODUCT_BUNDLE_IDENTIFIER = com.hdq.JsWebView;
				PRODUCT_NAME = "$(TARGET_NAME)";
			};
			name = Debug;
		};
		277158361DC4A8DC009EB1AB /* Release */ = {
			isa = XCBuildConfiguration;
			buildSettings = {
				ASSETCATALOG_COMPILER_APPICON_NAME = AppIcon;
				DEVELOPMENT_TEAM = VX2E46X5K9;
				INFOPLIST_FILE = JsWebView/Info.plist;
				LD_RUNPATH_SEARCH_PATHS = "$(inherited) @executable_path/Frameworks";
				PRODUCT_BUNDLE_IDENTIFIER = com.hdq.JsWebView;
				PRODUCT_NAME = "$(TARGET_NAME)";
			};
			name = Release;
		};
		277158381DC4A8DC009EB1AB /* Debug */ = {
			isa = XCBuildConfiguration;
			buildSettings = {
				BUNDLE_LOADER = "$(TEST_HOST)";
				DEVELOPMENT_TEAM = VX2E46X5K9;
				INFOPLIST_FILE = JsWebViewTests/Info.plist;
				LD_RUNPATH_SEARCH_PATHS = "$(inherited) @executable_path/Frameworks @loader_path/Frameworks";
				PRODUCT_BUNDLE_IDENTIFIER = com.hdq.JsWebViewTests;
				PRODUCT_NAME = "$(TARGET_NAME)";
				TEST_HOST = "$(BUILT_PRODUCTS_DIR)/JsWebView.app/JsWebView";
			};
			name = Debug;
		};
		277158391DC4A8DC009EB1AB /* Release */ = {
			isa = XCBuildConfiguration;
			buildSettings = {
				BUNDLE_LOADER = "$(TEST_HOST)";
				DEVELOPMENT_TEAM = VX2E46X5K9;
				INFOPLIST_FILE = JsWebViewTests/Info.plist;
				LD_RUNPATH_SEARCH_PATHS = "$(inherited) @executable_path/Frameworks @loader_path/Frameworks";
				PRODUCT_BUNDLE_IDENTIFIER = com.hdq.JsWebViewTests;
				PRODUCT_NAME = "$(TARGET_NAME)";
				TEST_HOST = "$(BUILT_PRODUCTS_DIR)/JsWebView.app/JsWebView";
			};
			name = Release;
		};
		2771583B1DC4A8DC009EB1AB /* Debug */ = {
			isa = XCBuildConfiguration;
			buildSettings = {
				DEVELOPMENT_TEAM = VX2E46X5K9;
				INFOPLIST_FILE = JsWebViewUITests/Info.plist;
				LD_RUNPATH_SEARCH_PATHS = "$(inherited) @executable_path/Frameworks @loader_path/Frameworks";
				PRODUCT_BUNDLE_IDENTIFIER = com.hdq.JsWebViewUITests;
				PRODUCT_NAME = "$(TARGET_NAME)";
				TEST_TARGET_NAME = JsWebView;
			};
			name = Debug;
		};
		2771583C1DC4A8DC009EB1AB /* Release */ = {
			isa = XCBuildConfiguration;
			buildSettings = {
				DEVELOPMENT_TEAM = VX2E46X5K9;
				INFOPLIST_FILE = JsWebViewUITests/Info.plist;
				LD_RUNPATH_SEARCH_PATHS = "$(inherited) @executable_path/Frameworks @loader_path/Frameworks";
				PRODUCT_BUNDLE_IDENTIFIER = com.hdq.JsWebViewUITests;
				PRODUCT_NAME = "$(TARGET_NAME)";
				TEST_TARGET_NAME = JsWebView;
			};
			name = Release;
		};
/* End XCBuildConfiguration section */

/* Begin XCConfigurationList section */
		277158021DC4A8DC009EB1AB /* Build configuration list for PBXProject "JsWebView" */ = {
			isa = XCConfigurationList;
			buildConfigurations = (
				277158321DC4A8DC009EB1AB /* Debug */,
				277158331DC4A8DC009EB1AB /* Release */,
			);
			defaultConfigurationIsVisible = 0;
			defaultConfigurationName = Release;
		};
		277158341DC4A8DC009EB1AB /* Build configuration list for PBXNativeTarget "JsWebView" */ = {
			isa = XCConfigurationList;
			buildConfigurations = (
				277158351DC4A8DC009EB1AB /* Debug */,
				277158361DC4A8DC009EB1AB /* Release */,
			);
			defaultConfigurationIsVisible = 0;
		};
		277158371DC4A8DC009EB1AB /* Build configuration list for PBXNativeTarget "JsWebViewTests" */ = {
			isa = XCConfigurationList;
			buildConfigurations = (
				277158381DC4A8DC009EB1AB /* Debug */,
				277158391DC4A8DC009EB1AB /* Release */,
			);
			defaultConfigurationIsVisible = 0;
		};
		2771583A1DC4A8DC009EB1AB /* Build configuration list for PBXNativeTarget "JsWebViewUITests" */ = {
			isa = XCConfigurationList;
			buildConfigurations = (
				2771583B1DC4A8DC009EB1AB /* Debug */,
				2771583C1DC4A8DC009EB1AB /* Release */,
			);
			defaultConfigurationIsVisible = 0;
		};
/* End XCConfigurationList section */
	};
	rootObject = 277157FF1DC4A8DC009EB1AB /* Project object */;
}
